{
  "lockfileVersion": 1,
  "configVersion": 1,
  "workspaces": {
    "": {
      "dependencies": {
        "lenis": "^1.3.23",
        "lucide-react": "^1.16.0",
      },
    },
  },
  "packages": {
    "lenis": ["lenis@1.3.23", "", { "peerDependencies": { "@nuxt/kit": ">=3.0.0", "react": ">=17.0.0", "vue": ">=3.0.0" }, "optionalPeers": ["@nuxt/kit", "react", "vue"] }, "sha512-YxYq3TJqj9sJNv0V9SkyQHejt14xwyIwgDaaMK89Uf9SxQfIszu+gTQSSphh6BWlLTNVKvvXAGkg+Zf+oFIevg=="],

    "lucide-react": ["lucide-react@1.16.0", "", { "peerDependencies": { "react": "^16.5.1 || ^17.0.0 || ^18.0.0 || ^19.0.0" } }, "sha512-dYwyPzb4MEKpGUmNYk3WKWPnMrHs3FKM+q94kAnJrcDIqqn1hq2xY8scaS2ovsOCM5D51ey2gaRG3PBb1vgoYQ=="],

    "react": ["react@19.2.6", "", {}, "sha512-sfWGGfavi0xr8Pg0sVsyHMAOziVYKgPLNrS7ig+ivMNb3wbCBw3KxtflsGBAwD3gYQlE/AEZsTLgToRrSCjb0Q=="],
  }
}
